// !$*UTF8*$!
{
	archiveVersion = 1;
	classes = {
	};
	objectVersion = 55;
	objects = {

/* Begin PBXBuildFile section */
		A6FBBBA62740C9ED0062695B /* AppDelegate.swift in Sources */ = {isa = PBXBuildFile; fileRef = A6FBBBA52740C9ED0062695B /* AppDelegate.swift */; };
		A6FBBBA82740C9ED0062695B /* SceneDelegate.swift in Sources */ = {isa = PBXBuildFile; fileRef = A6FBBBA72740C9ED0062695B /* SceneDelegate.swift */; };
		A6FBBBAA2740C9ED0062695B /* ViewController.swift in Sources */ = {isa = PBXBuildFile; fileRef = A6FBBBA92740C9ED0062695B /* ViewController.swift */; };
		A6FBBBAD2740C9ED0062695B /* Main.storyboard in Resources */ = {isa = PBXBuildFile; fileRef = A6FBBBAB2740C9ED0062695B /* Main.storyboard */; };
		A6FBBBB02740C9ED0062695B /* AppB.xcdatamodeld in Sources */ = {isa = PBXBuildFile; fileRef = A6FBBBAE2740C9ED0062695B /* AppB.xcdatamodeld */; };
		A6FBBBB22740C9EF0062695B /* Assets.xcassets in Resources */ = {isa = PBXBuildFile; fileRef = A6FBBBB12740C9EF0062695B /* Assets.xcassets */; };
		A6FBBBB52740C9EF0062695B /* LaunchScreen.storyboard in Resources */ = {isa = PBXBuildFile; fileRef = A6FBBBB32740C9EF0062695B /* LaunchScreen.storyboard */; };
/* End PBXBuildFile section */

/* Begin PBXFileReference section */
		A6FBBBA22740C9ED0062695B /* AppB.app */ = {isa = PBXFileReference; explicitFileType = wrapper.application; includeInIndex = 0; path = AppB.app; sourceTree = BUILT_PRODUCTS_DIR; };
		A6FBBBA52740C9ED0062695B /* AppDelegate.swift */ = {isa = PBXFileReference; lastKnownFileType = sourcecode.swift; path = AppDelegate.swift; sourceTree = "<group>"; };
		A6FBBBA72740C9ED0062695B /* SceneDelegate.swift */ = {isa = PBXFileReference; lastKnownFileType = sourcecode.swift; path = SceneDelegate.swift; sourceTree = "<group>"; };
		A6FBBBA92740C9ED0062695B /* ViewController.swift */ = {isa = PBXFileReference; lastKnownFileType = sourcecode.swift; path = ViewController.swift; sourceTree = "<group>"; };
		A6FBBBAC2740C9ED0062695B /* Base */ = {isa = PBXFileReference; lastKnownFileType = file.storyboard; name = Base; path = Base.lproj/Main.storyboard; sourceTree = "<group>"; };
		A6FBBBAF2740C9ED0062695B /* AppB.xcdatamodel */ = {isa = PBXFileReference; lastKnownFileType = wrapper.xcdatamodel; path = AppB.xcdatamodel; sourceTree = "<group>"; };
		A6FBBBB12740C9EF0062695B /* Assets.xcassets */ = {isa = PBXFileReference; lastKnownFileType = folder.assetcatalog; path = Assets.xcassets; sourceTree = "<group>"; };
		A6FBBBB42740C9EF0062695B /* Base */ = {isa = PBXFileReference; lastKnownFileType = file.storyboard; name = Base; path = Base.lproj/LaunchScreen.storyboard; sourceTree = "<group>"; };
		A6FBBBB62740C9EF0062695B /* Info.plist */ = {isa = PBXFileReference; lastKnownFileType = text.plist.xml; path = Info.plist; sourceTree = "<group>"; };
/* End PBXFileReference section */

/* Begin PBXFrameworksBuildPhase section */
		A6FBBB9F2740C9ED0062695B /* Frameworks */ = {
			isa = PBXFrameworksBuildPhase;
			buildActionMask = 2147483647;
			files = (
			);
			runOnlyForDeploymentPostprocessing = 0;
		};
/* End PBXFrameworksBuildPhase section */

/* Begin PBXGroup section */
		A6FBBB992740C9ED0062695B = {
			isa = PBXGroup;
			children = (
				A6FBBBA42740C9ED0062695B /* AppB */,
				A6FBBBA32740C9ED0062695B /* Products */,
			);
			sourceTree = "<group>";
		};
		A6FBBBA32740C9ED0062695B /* Products */ = {
			isa = PBXGroup;
			children = (
				A6FBBBA22740C9ED0062695B /* AppB.app */,
			);
			name = Products;
			sourceTree = "<group>";
		};
		A6FBBBA42740C9ED0062695B /* AppB */ = {
			isa = PBXGroup;
			children = (
				A6FBBBA52740C9ED0062695B /* AppDelegate.swift */,
				A6FBBBA72740C9ED0062695B /* SceneDelegate.swift */,
				A6FBBBA92740C9ED0062695B /* ViewController.swift */,
				A6FBBBAB2740C9ED0062695B /* Main.storyboard */,
				A6FBBBB12740C9EF0062695B /* Assets.xcassets */,
				A6FBBBB32740C9EF0062695B /* LaunchScreen.storyboard */,
				A6FBBBB62740C9EF0062695B /* Info.plist */,
				A6FBBBAE2740C9ED0062695B /* AppB.xcdatamodeld */,
			);
			path = AppB;
			sourceTree = "<group>";
		};
/* End PBXGroup section */

/* Begin PBXNativeTarget section */
		A6FBBBA12740C9ED0062695B /* AppB */ = {
			isa = PBXNativeTarget;
			buildConfigurationList = A6FBBBB92740C9EF0062695B /* Build configuration list for PBXNativeTarget "AppB" */;
			buildPhases = (
				A6FBBB9E2740C9ED0062695B /* Sources */,
				A6FBBB9F2740C9ED0062695B /* Frameworks */,
				A6FBBBA02740C9ED0062695B /* Resources */,
			);
			buildRules = (
			);
			dependencies = (
			);
			name = AppB;
			productName = AppB;
			productReference = A6FBBBA22740C9ED0062695B /* AppB.app */;
			productType = "com.apple.product-type.application";
		};
/* End PBXNativeTarget section */

/* Begin PBXProject section */
		A6FBBB9A2740C9ED0062695B /* Project object */ = {
			isa = PBXProject;
			attributes = {
				BuildIndependentTargetsInParallel = 1;
				LastSwiftUpdateCheck = 1310;
				LastUpgradeCheck = 1310;
				TargetAttributes = {
					A6FBBBA12740C9ED0062695B = {
						CreatedOnToolsVersion = 13.1;
					};
				};
			};
			buildConfigurationList = A6FBBB9D2740C9ED0062695B /* Build configuration list for PBXProject "AppB" */;
			compatibilityVersion = "Xcode 13.0";
			developmentRegion = en;
			hasScannedForEncodings = 0;
			knownRegions = (
				en,
				Base,
			);
			mainGroup = A6FBBB992740C9ED0062695B;
			productRefGroup = A6FBBBA32740C9ED0062695B /* Products */;
			projectDirPath = "";
			projectRoot = "";
			targets = (
				A6FBBBA12740C9ED0062695B /* AppB */,
			);
		};
/* End PBXProject section */

/* Begin PBXResourcesBuildPhase section */
		A6FBBBA02740C9ED0062695B /* Resources */ = {
			isa = PBXResourcesBuildPhase;
			buildActionMask = 2147483647;
			files = (
				A6FBBBB52740C9EF0062695B /* LaunchScreen.storyboard in Resources */,
				A6FBBBB22740C9EF0062695B /* Assets.xcassets in Resources */,
				A6FBBBAD2740C9ED0062695B /* Main.storyboard in Resources */,
			);
			runOnlyForDeploymentPostprocessing = 0;
		};
/* End PBXResourcesBuildPhase section */

/* Begin PBXSourcesBuildPhase section */
		A6FBBB9E2740C9ED0062695B /* Sources */ = {
			isa = PBXSourcesBuildPhase;
			buildActionMask = 2147483647;
			files = (
				A6FBBBB02740C9ED0062695B /* AppB.xcdatamodeld in Sources */,
				A6FBBBAA2740C9ED0062695B /* ViewController.swift in Sources */,
				A6FBBBA62740C9ED0062695B /* AppDelegate.swift in Sources */,
				A6FBBBA82740C9ED0062695B /* SceneDelegate.swift in Sources */,
			);
			runOnlyForDeploymentPostprocessing = 0;
		};
/* End PBXSourcesBuildPhase section */

/* Begin PBXVariantGroup section */
		A6FBBBAB2740C9ED0062695B /* Main.storyboard */ = {
			isa = PBXVariantGroup;
			children = (
				A6FBBBAC2740C9ED0062695B /* Base */,
			);
			name = Main.storyboard;
			sourceTree = "<group>";
		};
		A6FBBBB32740C9EF0062695B /* LaunchScreen.storyboard */ = {
			isa = PBXVariantGroup;
			children = (
				A6FBBBB42740C9EF0062695B /* Base */,
			);
			name = LaunchScreen.storyboard;
			sourceTree = "<group>";
		};
/* End PBXVariantGroup section */

/* Begin XCBuildConfiguration section */
		A6FBBBB72740C9EF0062695B /* Debug */ = {
			isa = XCBuildConfiguration;
			buildSettings = {
				ALWAYS_SEARCH_USER_PATHS = NO;
				CLANG_ANALYZER_NONNULL = YES;
				CLANG_ANALYZER_NUMBER_OBJECT_CONVERSION = YES_AGGRESSIVE;
				CLANG_CXX_LANGUAGE_STANDARD = "gnu++17";
				CLANG_CXX_LIBRARY = "libc++";
				CLANG_ENABLE_MODULES = YES;
				CLANG_ENABLE_OBJC_ARC = YES;
				CLANG_ENABLE_OBJC_WEAK = YES;
				CLANG_WARN_BLOCK_CAPTURE_AUTORELEASING = YES;
				CLANG_WARN_BOOL_CONVERSION = YES;
				CLANG_WARN_COMMA = YES;
				CLANG_WARN_CONSTANT_CONVERSION = YES;
				CLANG_WARN_DEPRECATED_OBJC_IMPLEMENTATIONS = YES;
				CLANG_WARN_DIRECT_OBJC_ISA_USAGE = YES_ERROR;
				CLANG_WARN_DOCUMENTATION_COMMENTS = YES;
				CLANG_WARN_EMPTY_BODY = YES;
				CLANG_WARN_ENUM_CONVERSION = YES;
				CLANG_WARN_INFINITE_RECURSION = YES;
				CLANG_WARN_INT_CONVERSION = YES;
				CLANG_WARN_NON_LITERAL_NULL_CONVERSION = YES;
				CLANG_WARN_OBJC_IMPLICIT_RETAIN_SELF = YES;
				CLANG_WARN_OBJC_LITERAL_CONVERSION = YES;
				CLANG_WARN_OBJC_ROOT_CLASS = YES_ERROR;
				CLANG_WARN_QUOTED_INCLUDE_IN_FRAMEWORK_HEADER = YES;
				CLANG_WARN_RANGE_LOOP_ANALYSIS = YES;
				CLANG_WARN_STRICT_PROTOTYPES = YES;
				CLANG_WARN_SUSPICIOUS_MOVE = YES;
				CLANG_WARN_UNGUARDED_AVAILABILITY = YES_AGGRESSIVE;
				CLANG_WARN_UNREACHABLE_CODE = YES;
				CLANG_WARN__DUPLICATE_METHOD_MATCH = YES;
				COPY_PHASE_STRIP = NO;
				DEBUG_INFORMATION_FORMAT = dwarf;
				ENABLE_STRICT_OBJC_MSGSEND = YES;
				ENABLE_TESTABILITY = YES;
				GCC_C_LANGUAGE_STANDARD = gnu11;
				GCC_DYNAMIC_NO_PIC = NO;
				GCC_NO_COMMON_BLOCKS = YES;
				GCC_OPTIMIZATION_LEVEL = 0;
				GCC_PREPROCESSOR_DEFINITIONS = (
					"DEBUG=1",
					"$(inherited)",
				);
				GCC_WARN_64_TO_32_BIT_CONVERSION = YES;
				GCC_WARN_ABOUT_RETURN_TYPE = YES_ERROR;
				GCC_WARN_UNDECLARED_SELECTOR = YES;
				GCC_WARN_UNINITIALIZED_AUTOS = YES_AGGRESSIVE;
				GCC_WARN_UNUSED_FUNCTION = YES;
				GCC_WARN_UNUSED_VARIABLE = YES;
				IPHONEOS_DEPLOYMENT_TARGET = 15.0;
				MTL_ENABLE_DEBUG_INFO = INCLUDE_SOURCE;
				MTL_FAST_MATH = YES;
				ONLY_ACTIVE_ARCH = YES;
				SDKROOT = iphoneos;
				SWIFT_ACTIVE_COMPILATION_CONDITIONS = DEBUG;
				SWIFT_OPTIMIZATION_LEVEL = "-Onone";
			};
			name = Debug;
		};
		A6FBBBB82740C9EF0062695B /* Release */ = {
			isa = XCBuildConfiguration;
			buildSettings = {
				ALWAYS_SEARCH_USER_PATHS = NO;
				CLANG_ANALYZER_NONNULL = YES;
				CLANG_ANALYZER_NUMBER_OBJECT_CONVERSION = YES_AGGRESSIVE;
				CLANG_CXX_LANGUAGE_STANDARD = "gnu++17";
				CLANG_CXX_LIBRARY = "libc++";
				CLANG_ENABLE_MODULES = YES;
				CLANG_ENABLE_OBJC_ARC = YES;
				CLANG_ENABLE_OBJC_WEAK = YES;
				CLANG_WARN_BLOCK_CAPTURE_AUTORELEASING = YES;
				CLANG_WARN_BOOL_CONVERSION = YES;
				CLANG_WARN_COMMA = YES;
				CLANG_WARN_CONSTANT_CONVERSION = YES;
				CLANG_WARN_DEPRECATED_OBJC_IMPLEMENTATIONS = YES;
				CLANG_WARN_DIRECT_OBJC_ISA_USAGE = YES_ERROR;
				CLANG_WARN_DOCUMENTATION_COMMENTS = YES;
				CLANG_WARN_EMPTY_BODY = YES;
				CLANG_WARN_ENUM_CONVERSION = YES;
				CLANG_WARN_INFINITE_RECURSION = YES;
				CLANG_WARN_INT_CONVERSION = YES;
				CLANG_WARN_NON_LITERAL_NULL_CONVERSION = YES;
				CLANG_WARN_OBJC_IMPLICIT_RETAIN_SELF = YES;
				CLANG_WARN_OBJC_LITERAL_CONVERSION = YES;
				CLANG_WARN_OBJC_ROOT_CLASS = YES_ERROR;
				CLANG_WARN_QUOTED_INCLUDE_IN_FRAMEWORK_HEADER = YES;
				CLANG_WARN_RANGE_LOOP_ANALYSIS = YES;
				CLANG_WARN_STRICT_PROTOTYPES = YES;
				CLANG_WARN_SUSPICIOUS_MOVE = YES;
				CLANG_WARN_UNGUARDED_AVAILABILITY = YES_AGGRESSIVE;
				CLANG_WARN_UNREACHABLE_CODE = YES;
				CLANG_WARN__DUPLICATE_METHOD_MATCH = YES;
				COPY_PHASE_STRIP = NO;
				DEBUG_INFORMATION_FORMAT = "dwarf-with-dsym";
				ENABLE_NS_ASSERTIONS = NO;
				ENABLE_STRICT_OBJC_MSGSEND = YES;
				GCC_C_LANGUAGE_STANDARD = gnu11;
				GCC_NO_COMMON_BLOCKS = YES;
				GCC_WARN_64_TO_32_BIT_CONVERSION = YES;
				GCC_WARN_ABOUT_RETURN_TYPE = YES_ERROR;
				GCC_WARN_UNDECLARED_SELECTOR = YES;
				GCC_WARN_UNINITIALIZED_AUTOS = YES_AGGRESSIVE;
				GCC_WARN_UNUSED_FUNCTION = YES;
				GCC_WARN_UNUSED_VARIABLE = YES;
				IPHONEOS_DEPLOYMENT_TARGET = 15.0;
				MTL_ENABLE_DEBUG_INFO = NO;
				MTL_FAST_MATH = YES;
				SDKROOT = iphoneos;
				SWIFT_COMPILATION_MODE = wholemodule;
				SWIFT_OPTIMIZATION_LEVEL = "-O";
				VALIDATE_PRODUCT = YES;
			};
			name = Release;
		};
		A6FBBBBA2740C9EF0062695B /* Debug */ = {
			isa = XCBuildConfiguration;
			buildSettings = {
				ASSETCATALOG_COMPILER_APPICON_NAME = AppIcon;
				ASSETCATALOG_COMPILER_GLOBAL_ACCENT_COLOR_NAME = AccentColor;
				CODE_SIGN_STYLE = Automatic;
				CURRENT_PROJECT_VERSION = 1;
				DEVELOPMENT_TEAM = QTFGQLTGXG;
				GENERATE_INFOPLIST_FILE = YES;
				INFOPLIST_FILE = AppB/Info.plist;
				INFOPLIST_KEY_UIApplicationSupportsIndirectInputEvents = YES;
				INFOPLIST_KEY_UILaunchStoryboardName = LaunchScreen;
				INFOPLIST_KEY_UIMainStoryboardFile = Main;
				INFOPLIST_KEY_UISupportedInterfaceOrientations_iPad = "UIInterfaceOrientationPortrait UIInterfaceOrientationPortraitUpsideDown UIInterfaceOrientationLandscapeLeft UIInterfaceOrientationLandscapeRight";
				INFOPLIST_KEY_UISupportedInterfaceOrientations_iPhone = "UIInterfaceOrientationPortrait UIInterfaceOrientationLandscapeLeft UIInterfaceOrientationLandscapeRight";
				LD_RUNPATH_SEARCH_PATHS = (
					"$(inherited)",
					"@executable_path/Frameworks",
				);
				MARKETING_VERSION = 1.0;
				PRODUCT_BUNDLE_IDENTIFIER = com.elenaseo.AppB;
				PRODUCT_NAME = "$(TARGET_NAME)";
				SWIFT_EMIT_LOC_STRINGS = YES;
				SWIFT_VERSION = 5.0;
				TARGETED_DEVICE_FAMILY = "1,2";
			};
			name = Debug;
		};
		A6FBBBBB2740C9EF0062695B /* Release */ = {
			isa = XCBuildConfiguration;
			buildSettings = {
				ASSETCATALOG_COMPILER_APPICON_NAME = AppIcon;
				ASSETCATALOG_COMPILER_GLOBAL_ACCENT_COLOR_NAME = AccentColor;
				CODE_SIGN_STYLE = Automatic;
				CURRENT_PROJECT_VERSION = 1;
				DEVELOPMENT_TEAM = QTFGQLTGXG;
				GENERATE_INFOPLIST_FILE = YES;
				INFOPLIST_FILE = AppB/Info.plist;
				INFOPLIST_KEY_UIApplicationSupportsIndirectInputEvents = YES;
				INFOPLIST_KEY_UILaunchStoryboardName = LaunchScreen;
				INFOPLIST_KEY_UIMainStoryboardFile = Main;
				INFOPLIST_KEY_UISupportedInterfaceOrientations_iPad = "UIInterfaceOrientationPortrait UIInterfaceOrientationPortraitUpsideDown UIInterfaceOrientationLandscapeLeft UIInterfaceOrientationLandscapeRight";
				INFOPLIST_KEY_UISupportedInterfaceOrientations_iPhone = "UIInterfaceOrientationPortrait UIInterfaceOrientationLandscapeLeft UIInterfaceOrientationLandscapeRight";
				LD_RUNPATH_SEARCH_PATHS = (
					"$(inherited)",
					"@executable_path/Frameworks",
				);
				MARKETING_VERSION = 1.0;
				PRODUCT_BUNDLE_IDENTIFIER = com.elenaseo.AppB;
				PRODUCT_NAME = "$(TARGET_NAME)";
				SWIFT_EMIT_LOC_STRINGS = YES;
				SWIFT_VERSION = 5.0;
				TARGETED_DEVICE_FAMILY = "1,2";
			};
			name = Release;
		};
/* End XCBuildConfiguration section */

/* Begin XCConfigurationList section */
		A6FBBB9D2740C9ED0062695B /* Build configuration list for PBXProject "AppB" */ = {
			isa = XCConfigurationList;
			buildConfigurations = (
				A6FBBBB72740C9EF0062695B /* Debug */,
				A6FBBBB82740C9EF0062695B /* Release */,
			);
			defaultConfigurationIsVisible = 0;
			defaultConfigurationName = Release;
		};
		A6FBBBB92740C9EF0062695B /* Build configuration list for PBXNativeTarget "AppB" */ = {
			isa = XCConfigurationList;
			buildConfigurations = (
				A6FBBBBA2740C9EF0062695B /* Debug */,
				A6FBBBBB2740C9EF0062695B /* Release */,
			);
			defaultConfigurationIsVisible = 0;
			defaultConfigurationName = Release;
		};
/* End XCConfigurationList section */

/* Begin XCVersionGroup section */
		A6FBBBAE2740C9ED0062695B /* AppB.xcdatamodeld */ = {
			isa = XCVersionGroup;
			children = (
				A6FBBBAF2740C9ED0062695B /* AppB.xcdatamodel */,
			);
			currentVersion = A6FBBBAF2740C9ED0062695B /* AppB.xcdatamodel */;
			path = AppB.xcdatamodeld;
			sourceTree = "<group>";
			versionGroupType = wrapper.xcdatamodel;
		};
/* End XCVersionGroup section */
	};
	rootObject = A6FBBB9A2740C9ED0062695B /* Project object */;
}
